// !$*UTF8*$!
{
	archiveVersion = 1;
	classes = {
	};
	objectVersion = 46;
	objects = {

/* Begin PBXBuildFile section */
		B3DC549114C0E5EB0051D342 /* AudioStreamer.m in Sources */ = {isa = PBXBuildFile; fileRef = B3DC549014C0E5EB0051D342 /* AudioStreamer.m */; };
		B3DC549414C0E6070051D342 /* CFNetwork.framework in Frameworks */ = {isa = PBXBuildFile; fileRef = B3DC549314C0E6070051D342 /* CFNetwork.framework */; };
		B3DC549714C0E62D0051D342 /* UIDevice+Hardware.m in Sources */ = {isa = PBXBuildFile; fileRef = B3DC549614C0E62C0051D342 /* UIDevice+Hardware.m */; };
		B3DC54A414C0FFFE0051D342 /* sound_meter_background.png in Resources */ = {isa = PBXBuildFile; fileRef = B3DC54A214C0FFFE0051D342 /* sound_meter_background.png */; };
		B3DC54A514C0FFFE0051D342 /* sound_meter_glare.png in Resources */ = {isa = PBXBuildFile; fileRef = B3DC54A314C0FFFE0051D342 /* sound_meter_glare.png */; };
		B3DC54B314C1033B0051D342 /* LevelMeterView.m in Sources */ = {isa = PBXBuildFile; fileRef = B3DC54B214C1033B0051D342 /* LevelMeterView.m */; };
		B3DC54C814C195880051D342 /* loadingbutton.png in Resources */ = {isa = PBXBuildFile; fileRef = B3DC54C414C195880051D342 /* loadingbutton.png */; };
		B3DC54C914C195880051D342 /* pausebutton.png in Resources */ = {isa = PBXBuildFile; fileRef = B3DC54C514C195880051D342 /* pausebutton.png */; };
		B3DC54CA14C195880051D342 /* playbutton.png in Resources */ = {isa = PBXBuildFile; fileRef = B3DC54C614C195880051D342 /* playbutton.png */; };
		B3DC54CB14C195880051D342 /* stopbutton.png in Resources */ = {isa = PBXBuildFile; fileRef = B3DC54C714C195880051D342 /* stopbutton.png */; };
		B3DC54D214C196F80051D342 /* QuartzCore.framework in Frameworks */ = {isa = PBXBuildFile; fileRef = B3DC54D114C196F70051D342 /* QuartzCore.framework */; };
		B3DC54F314C1A8870051D342 /* bg_sand.png in Resources */ = {isa = PBXBuildFile; fileRef = B3DC54F214C1A8870051D342 /* bg_sand.png */; };
		B3DC54FC14C1AA810051D342 /* slider_maximum.png in Resources */ = {isa = PBXBuildFile; fileRef = B3DC54F914C1AA810051D342 /* slider_maximum.png */; };
		B3DC54FD14C1AA810051D342 /* slider_minimum.png in Resources */ = {isa = PBXBuildFile; fileRef = B3DC54FA14C1AA810051D342 /* slider_minimum.png */; };
		B3DC54FE14C1AA810051D342 /* thumb.png in Resources */ = {isa = PBXBuildFile; fileRef = B3DC54FB14C1AA810051D342 /* thumb.png */; };
		B3DC550C14C1AC360051D342 /* segcontrol_sel-uns.png in Resources */ = {isa = PBXBuildFile; fileRef = B3DC550714C1AC360051D342 /* segcontrol_sel-uns.png */; };
		B3DC550D14C1AC360051D342 /* segcontrol_sel.png in Resources */ = {isa = PBXBuildFile; fileRef = B3DC550814C1AC360051D342 /* segcontrol_sel.png */; };
		B3DC550E14C1AC360051D342 /* segcontrol_uns-sel.png in Resources */ = {isa = PBXBuildFile; fileRef = B3DC550914C1AC360051D342 /* segcontrol_uns-sel.png */; };
		B3DC550F14C1AC360051D342 /* segcontrol_uns-uns.png in Resources */ = {isa = PBXBuildFile; fileRef = B3DC550A14C1AC360051D342 /* segcontrol_uns-uns.png */; };
		B3DC551014C1AC360051D342 /* segcontrol_uns.png in Resources */ = {isa = PBXBuildFile; fileRef = B3DC550B14C1AC360051D342 /* segcontrol_uns.png */; };
		B3FDA13914BF09A90011E709 /* UIKit.framework in Frameworks */ = {isa = PBXBuildFile; fileRef = B3FDA13814BF09A90011E709 /* UIKit.framework */; };
		B3FDA13B14BF09A90011E709 /* Foundation.framework in Frameworks */ = {isa = PBXBuildFile; fileRef = B3FDA13A14BF09A90011E709 /* Foundation.framework */; };
		B3FDA13D14BF09A90011E709 /* CoreGraphics.framework in Frameworks */ = {isa = PBXBuildFile; fileRef = B3FDA13C14BF09A90011E709 /* CoreGraphics.framework */; };
		B3FDA14314BF09AA0011E709 /* InfoPlist.strings in Resources */ = {isa = PBXBuildFile; fileRef = B3FDA14114BF09AA0011E709 /* InfoPlist.strings */; };
		B3FDA14514BF09AA0011E709 /* main.m in Sources */ = {isa = PBXBuildFile; fileRef = B3FDA14414BF09AA0011E709 /* main.m */; };
		B3FDA14914BF09AA0011E709 /* PsyRadioAppDelegate.m in Sources */ = {isa = PBXBuildFile; fileRef = B3FDA14814BF09AA0011E709 /* PsyRadioAppDelegate.m */; };
		B3FDA14C14BF09AA0011E709 /* PsyRadioViewController.m in Sources */ = {isa = PBXBuildFile; fileRef = B3FDA14B14BF09AA0011E709 /* PsyRadioViewController.m */; };
		B3FDA14F14BF09AA0011E709 /* PsyRadioViewController_iPhone.xib in Resources */ = {isa = PBXBuildFile; fileRef = B3FDA14D14BF09AA0011E709 /* PsyRadioViewController_iPhone.xib */; };
		B3FDA15214BF09AA0011E709 /* PsyRadioViewController_iPad.xib in Resources */ = {isa = PBXBuildFile; fileRef = B3FDA15014BF09AA0011E709 /* PsyRadioViewController_iPad.xib */; };
		B3FDA15A14BF09AA0011E709 /* SenTestingKit.framework in Frameworks */ = {isa = PBXBuildFile; fileRef = B3FDA15914BF09AA0011E709 /* SenTestingKit.framework */; };
		B3FDA15B14BF09AA0011E709 /* UIKit.framework in Frameworks */ = {isa = PBXBuildFile; fileRef = B3FDA13814BF09A90011E709 /* UIKit.framework */; };
		B3FDA15C14BF09AA0011E709 /* Foundation.framework in Frameworks */ = {isa = PBXBuildFile; fileRef = B3FDA13A14BF09A90011E709 /* Foundation.framework */; };
		B3FDA16414BF09AA0011E709 /* InfoPlist.strings in Resources */ = {isa = PBXBuildFile; fileRef = B3FDA16214BF09AA0011E709 /* InfoPlist.strings */; };
		B3FDA16714BF09AA0011E709 /* PsyRadioTests.m in Sources */ = {isa = PBXBuildFile; fileRef = B3FDA16614BF09AA0011E709 /* PsyRadioTests.m */; };
		B3FDA17114BF09D40011E709 /* AudioToolbox.framework in Frameworks */ = {isa = PBXBuildFile; fileRef = B3FDA17014BF09D40011E709 /* AudioToolbox.framework */; };
		B3FDA17914BF0A080011E709 /* Packet.m in Sources */ = {isa = PBXBuildFile; fileRef = B3FDA17414BF0A080011E709 /* Packet.m */; };
		B3FDA17A14BF0A080011E709 /* Queue.m in Sources */ = {isa = PBXBuildFile; fileRef = B3FDA17614BF0A080011E709 /* Queue.m */; };
		B3FDA17B14BF0A080011E709 /* Radio.m in Sources */ = {isa = PBXBuildFile; fileRef = B3FDA17814BF0A080011E709 /* Radio.m */; };
/* End PBXBuildFile section */

/* Begin PBXContainerItemProxy section */
		B3FDA15D14BF09AA0011E709 /* PBXContainerItemProxy */ = {
			isa = PBXContainerItemProxy;
			containerPortal = B3FDA12B14BF09A90011E709 /* Project object */;
			proxyType = 1;
			remoteGlobalIDString = B3FDA13314BF09A90011E709;
			remoteInfo = PsyRadio;
		};
/* End PBXContainerItemProxy section */

/* Begin PBXFileReference section */
		B3DC548F14C0E5EB0051D342 /* AudioStreamer.h */ = {isa = PBXFileReference; fileEncoding = 4; lastKnownFileType = sourcecode.c.h; path = AudioStreamer.h; sourceTree = "<group>"; };
		B3DC549014C0E5EB0051D342 /* AudioStreamer.m */ = {isa = PBXFileReference; fileEncoding = 4; lastKnownFileType = sourcecode.c.objc; path = AudioStreamer.m; sourceTree = "<group>"; };
		B3DC549314C0E6070051D342 /* CFNetwork.framework */ = {isa = PBXFileReference; lastKnownFileType = wrapper.framework; name = CFNetwork.framework; path = System/Library/Frameworks/CFNetwork.framework; sourceTree = SDKROOT; };
		B3DC549514C0E62C0051D342 /* UIDevice+Hardware.h */ = {isa = PBXFileReference; fileEncoding = 4; lastKnownFileType = sourcecode.c.h; path = "UIDevice+Hardware.h"; sourceTree = "<group>"; };
		B3DC549614C0E62C0051D342 /* UIDevice+Hardware.m */ = {isa = PBXFileReference; fileEncoding = 4; lastKnownFileType = sourcecode.c.objc; path = "UIDevice+Hardware.m"; sourceTree = "<group>"; };
		B3DC54A214C0FFFE0051D342 /* sound_meter_background.png */ = {isa = PBXFileReference; lastKnownFileType = image.png; path = sound_meter_background.png; sourceTree = "<group>"; };
		B3DC54A314C0FFFE0051D342 /* sound_meter_glare.png */ = {isa = PBXFileReference; lastKnownFileType = image.png; path = sound_meter_glare.png; sourceTree = "<group>"; };
		B3DC54B114C1033B0051D342 /* LevelMeterView.h */ = {isa = PBXFileReference; fileEncoding = 4; lastKnownFileType = sourcecode.c.h; path = LevelMeterView.h; sourceTree = "<group>"; };
		B3DC54B214C1033B0051D342 /* LevelMeterView.m */ = {isa = PBXFileReference; fileEncoding = 4; lastKnownFileType = sourcecode.c.objc; path = LevelMeterView.m; sourceTree = "<group>"; };
		B3DC54C414C195880051D342 /* loadingbutton.png */ = {isa = PBXFileReference; lastKnownFileType = image.png; path = loadingbutton.png; sourceTree = "<group>"; };
		B3DC54C514C195880051D342 /* pausebutton.png */ = {isa = PBXFileReference; lastKnownFileType = image.png; path = pausebutton.png; sourceTree = "<group>"; };
		B3DC54C614C195880051D342 /* playbutton.png */ = {isa = PBXFileReference; lastKnownFileType = image.png; path = playbutton.png; sourceTree = "<group>"; };
		B3DC54C714C195880051D342 /* stopbutton.png */ = {isa = PBXFileReference; lastKnownFileType = image.png; path = stopbutton.png; sourceTree = "<group>"; };
		B3DC54D114C196F70051D342 /* QuartzCore.framework */ = {isa = PBXFileReference; lastKnownFileType = wrapper.framework; name = QuartzCore.framework; path = System/Library/Frameworks/QuartzCore.framework; sourceTree = SDKROOT; };
		B3DC54F214C1A8870051D342 /* bg_sand.png */ = {isa = PBXFileReference; lastKnownFileType = image.png; path = bg_sand.png; sourceTree = "<group>"; };
		B3DC54F914C1AA810051D342 /* slider_maximum.png */ = {isa = PBXFileReference; lastKnownFileType = image.png; path = slider_maximum.png; sourceTree = "<group>"; };
		B3DC54FA14C1AA810051D342 /* slider_minimum.png */ = {isa = PBXFileReference; lastKnownFileType = image.png; path = slider_minimum.png; sourceTree = "<group>"; };
		B3DC54FB14C1AA810051D342 /* thumb.png */ = {isa = PBXFileReference; lastKnownFileType = image.png; path = thumb.png; sourceTree = "<group>"; };
		B3DC550714C1AC360051D342 /* segcontrol_sel-uns.png */ = {isa = PBXFileReference; lastKnownFileType = image.png; path = "segcontrol_sel-uns.png"; sourceTree = "<group>"; };
		B3DC550814C1AC360051D342 /* segcontrol_sel.png */ = {isa = PBXFileReference; lastKnownFileType = image.png; path = segcontrol_sel.png; sourceTree = "<group>"; };
		B3DC550914C1AC360051D342 /* segcontrol_uns-sel.png */ = {isa = PBXFileReference; lastKnownFileType = image.png; path = "segcontrol_uns-sel.png"; sourceTree = "<group>"; };
		B3DC550A14C1AC360051D342 /* segcontrol_uns-uns.png */ = {isa = PBXFileReference; lastKnownFileType = image.png; path = "segcontrol_uns-uns.png"; sourceTree = "<group>"; };
		B3DC550B14C1AC360051D342 /* segcontrol_uns.png */ = {isa = PBXFileReference; lastKnownFileType = image.png; path = segcontrol_uns.png; sourceTree = "<group>"; };
		B3FDA13414BF09A90011E709 /* PsyRadio.app */ = {isa = PBXFileReference; explicitFileType = wrapper.application; includeInIndex = 0; path = PsyRadio.app; sourceTree = BUILT_PRODUCTS_DIR; };
		B3FDA13814BF09A90011E709 /* UIKit.framework */ = {isa = PBXFileReference; lastKnownFileType = wrapper.framework; name = UIKit.framework; path = System/Library/Frameworks/UIKit.framework; sourceTree = SDKROOT; };
		B3FDA13A14BF09A90011E709 /* Foundation.framework */ = {isa = PBXFileReference; lastKnownFileType = wrapper.framework; name = Foundation.framework; path = System/Library/Frameworks/Foundation.framework; sourceTree = SDKROOT; };
		B3FDA13C14BF09A90011E709 /* CoreGraphics.framework */ = {isa = PBXFileReference; lastKnownFileType = wrapper.framework; name = CoreGraphics.framework; path = System/Library/Frameworks/CoreGraphics.framework; sourceTree = SDKROOT; };
		B3FDA14014BF09AA0011E709 /* PsyRadio-Info.plist */ = {isa = PBXFileReference; lastKnownFileType = text.plist.xml; path = "PsyRadio-Info.plist"; sourceTree = "<group>"; };
		B3FDA14214BF09AA0011E709 /* en */ = {isa = PBXFileReference; lastKnownFileType = text.plist.strings; name = en; path = en.lproj/InfoPlist.strings; sourceTree = "<group>"; };
		B3FDA14414BF09AA0011E709 /* main.m */ = {isa = PBXFileReference; lastKnownFileType = sourcecode.c.objc; path = main.m; sourceTree = "<group>"; };
		B3FDA14614BF09AA0011E709 /* PsyRadio-Prefix.pch */ = {isa = PBXFileReference; lastKnownFileType = sourcecode.c.h; path = "PsyRadio-Prefix.pch"; sourceTree = "<group>"; };
		B3FDA14714BF09AA0011E709 /* PsyRadioAppDelegate.h */ = {isa = PBXFileReference; lastKnownFileType = sourcecode.c.h; path = PsyRadioAppDelegate.h; sourceTree = "<group>"; };
		B3FDA14814BF09AA0011E709 /* PsyRadioAppDelegate.m */ = {isa = PBXFileReference; lastKnownFileType = sourcecode.c.objc; path = PsyRadioAppDelegate.m; sourceTree = "<group>"; };
		B3FDA14A14BF09AA0011E709 /* PsyRadioViewController.h */ = {isa = PBXFileReference; lastKnownFileType = sourcecode.c.h; path = PsyRadioViewController.h; sourceTree = "<group>"; };
		B3FDA14B14BF09AA0011E709 /* PsyRadioViewController.m */ = {isa = PBXFileReference; lastKnownFileType = sourcecode.c.objc; path = PsyRadioViewController.m; sourceTree = "<group>"; };
		B3FDA14E14BF09AA0011E709 /* en */ = {isa = PBXFileReference; lastKnownFileType = file.xib; name = en; path = en.lproj/PsyRadioViewController_iPhone.xib; sourceTree = "<group>"; };
		B3FDA15114BF09AA0011E709 /* en */ = {isa = PBXFileReference; lastKnownFileType = file.xib; name = en; path = en.lproj/PsyRadioViewController_iPad.xib; sourceTree = "<group>"; };
		B3FDA15814BF09AA0011E709 /* PsyRadioTests.octest */ = {isa = PBXFileReference; explicitFileType = wrapper.cfbundle; includeInIndex = 0; path = PsyRadioTests.octest; sourceTree = BUILT_PRODUCTS_DIR; };
		B3FDA15914BF09AA0011E709 /* SenTestingKit.framework */ = {isa = PBXFileReference; lastKnownFileType = wrapper.framework; name = SenTestingKit.framework; path = Library/Frameworks/SenTestingKit.framework; sourceTree = DEVELOPER_DIR; };
		B3FDA16114BF09AA0011E709 /* PsyRadioTests-Info.plist */ = {isa = PBXFileReference; lastKnownFileType = text.plist.xml; path = "PsyRadioTests-Info.plist"; sourceTree = "<group>"; };
		B3FDA16314BF09AA0011E709 /* en */ = {isa = PBXFileReference; lastKnownFileType = text.plist.strings; name = en; path = en.lproj/InfoPlist.strings; sourceTree = "<group>"; };
		B3FDA16514BF09AA0011E709 /* PsyRadioTests.h */ = {isa = PBXFileReference; lastKnownFileType = sourcecode.c.h; path = PsyRadioTests.h; sourceTree = "<group>"; };
		B3FDA16614BF09AA0011E709 /* PsyRadioTests.m */ = {isa = PBXFileReference; lastKnownFileType = sourcecode.c.objc; path = PsyRadioTests.m; sourceTree = "<group>"; };
		B3FDA17014BF09D40011E709 /* AudioToolbox.framework */ = {isa = PBXFileReference; lastKnownFileType = wrapper.framework; name = AudioToolbox.framework; path = System/Library/Frameworks/AudioToolbox.framework; sourceTree = SDKROOT; };
		B3FDA17314BF0A080011E709 /* Packet.h */ = {isa = PBXFileReference; fileEncoding = 4; lastKnownFileType = sourcecode.c.h; path = Packet.h; sourceTree = "<group>"; };
		B3FDA17414BF0A080011E709 /* Packet.m */ = {isa = PBXFileReference; fileEncoding = 4; lastKnownFileType = sourcecode.c.objc; path = Packet.m; sourceTree = "<group>"; };
		B3FDA17514BF0A080011E709 /* Queue.h */ = {isa = PBXFileReference; fileEncoding = 4; lastKnownFileType = sourcecode.c.h; path = Queue.h; sourceTree = "<group>"; };
		B3FDA17614BF0A080011E709 /* Queue.m */ = {isa = PBXFileReference; fileEncoding = 4; lastKnownFileType = sourcecode.c.objc; path = Queue.m; sourceTree = "<group>"; };
		B3FDA17714BF0A080011E709 /* Radio.h */ = {isa = PBXFileReference; fileEncoding = 4; lastKnownFileType = sourcecode.c.h; path = Radio.h; sourceTree = "<group>"; };
		B3FDA17814BF0A080011E709 /* Radio.m */ = {isa = PBXFileReference; fileEncoding = 4; lastKnownFileType = sourcecode.c.objc; path = Radio.m; sourceTree = "<group>"; };
/* End PBXFileReference section */

/* Begin PBXFrameworksBuildPhase section */
		B3FDA13114BF09A90011E709 /* Frameworks */ = {
			isa = PBXFrameworksBuildPhase;
			buildActionMask = 2147483647;
			files = (
				B3DC54D214C196F80051D342 /* QuartzCore.framework in Frameworks */,
				B3DC549414C0E6070051D342 /* CFNetwork.framework in Frameworks */,
				B3FDA17114BF09D40011E709 /* AudioToolbox.framework in Frameworks */,
				B3FDA13914BF09A90011E709 /* UIKit.framework in Frameworks */,
				B3FDA13B14BF09A90011E709 /* Foundation.framework in Frameworks */,
				B3FDA13D14BF09A90011E709 /* CoreGraphics.framework in Frameworks */,
			);
			runOnlyForDeploymentPostprocessing = 0;
		};
		B3FDA15414BF09AA0011E709 /* Frameworks */ = {
			isa = PBXFrameworksBuildPhase;
			buildActionMask = 2147483647;
			files = (
				B3FDA15A14BF09AA0011E709 /* SenTestingKit.framework in Frameworks */,
				B3FDA15B14BF09AA0011E709 /* UIKit.framework in Frameworks */,
				B3FDA15C14BF09AA0011E709 /* Foundation.framework in Frameworks */,
			);
			runOnlyForDeploymentPostprocessing = 0;
		};
/* End PBXFrameworksBuildPhase section */

/* Begin PBXGroup section */
		B3DC548E14C0E5EB0051D342 /* AudioStreamer */ = {
			isa = PBXGroup;
			children = (
				B3DC549514C0E62C0051D342 /* UIDevice+Hardware.h */,
				B3DC549614C0E62C0051D342 /* UIDevice+Hardware.m */,
				B3DC548F14C0E5EB0051D342 /* AudioStreamer.h */,
				B3DC549014C0E5EB0051D342 /* AudioStreamer.m */,
			);
			path = AudioStreamer;
			sourceTree = "<group>";
		};
		B3DC54A014C0FFFE0051D342 /* Resources */ = {
			isa = PBXGroup;
			children = (
				B3DC54A114C0FFFE0051D342 /* images */,
			);
			path = Resources;
			sourceTree = "<group>";
		};
		B3DC54A114C0FFFE0051D342 /* images */ = {
			isa = PBXGroup;
			children = (
				B3DC550714C1AC360051D342 /* segcontrol_sel-uns.png */,
				B3DC550814C1AC360051D342 /* segcontrol_sel.png */,
				B3DC550914C1AC360051D342 /* segcontrol_uns-sel.png */,
				B3DC550A14C1AC360051D342 /* segcontrol_uns-uns.png */,
				B3DC550B14C1AC360051D342 /* segcontrol_uns.png */,
				B3DC54F914C1AA810051D342 /* slider_maximum.png */,
				B3DC54FA14C1AA810051D342 /* slider_minimum.png */,
				B3DC54FB14C1AA810051D342 /* thumb.png */,
				B3DC54F214C1A8870051D342 /* bg_sand.png */,
				B3DC54C414C195880051D342 /* loadingbutton.png */,
				B3DC54C514C195880051D342 /* pausebutton.png */,
				B3DC54C614C195880051D342 /* playbutton.png */,
				B3DC54C714C195880051D342 /* stopbutton.png */,
				B3DC54A214C0FFFE0051D342 /* sound_meter_background.png */,
				B3DC54A314C0FFFE0051D342 /* sound_meter_glare.png */,
			);
			path = images;
			sourceTree = "<group>";
		};
		B3DC54A714C1014D0051D342 /* AudioView */ = {
			isa = PBXGroup;
			children = (
				B3DC54B114C1033B0051D342 /* LevelMeterView.h */,
				B3DC54B214C1033B0051D342 /* LevelMeterView.m */,
			);
			path = AudioView;
			sourceTree = "<group>";
		};
		B3FDA12914BF09A90011E709 = {
			isa = PBXGroup;
			children = (
				B3FDA13E14BF09AA0011E709 /* PsyRadio */,
				B3FDA15F14BF09AA0011E709 /* PsyRadioTests */,
				B3DC54A014C0FFFE0051D342 /* Resources */,
				B3FDA13714BF09A90011E709 /* Frameworks */,
				B3FDA13514BF09A90011E709 /* Products */,
			);
			sourceTree = "<group>";
		};
		B3FDA13514BF09A90011E709 /* Products */ = {
			isa = PBXGroup;
			children = (
				B3FDA13414BF09A90011E709 /* PsyRadio.app */,
				B3FDA15814BF09AA0011E709 /* PsyRadioTests.octest */,
			);
			name = Products;
			sourceTree = "<group>";
		};
		B3FDA13714BF09A90011E709 /* Frameworks */ = {
			isa = PBXGroup;
			children = (
				B3DC54D114C196F70051D342 /* QuartzCore.framework */,
				B3DC549314C0E6070051D342 /* CFNetwork.framework */,
				B3FDA17014BF09D40011E709 /* AudioToolbox.framework */,
				B3FDA13814BF09A90011E709 /* UIKit.framework */,
				B3FDA13A14BF09A90011E709 /* Foundation.framework */,
				B3FDA13C14BF09A90011E709 /* CoreGraphics.framework */,
				B3FDA15914BF09AA0011E709 /* SenTestingKit.framework */,
			);
			name = Frameworks;
			sourceTree = "<group>";
		};
		B3FDA13E14BF09AA0011E709 /* PsyRadio */ = {
			isa = PBXGroup;
			children = (
				B3DC54A714C1014D0051D342 /* AudioView */,
				B3DC548E14C0E5EB0051D342 /* AudioStreamer */,
				B3FDA17214BF0A080011E709 /* Radio */,
				B3FDA14714BF09AA0011E709 /* PsyRadioAppDelegate.h */,
				B3FDA14814BF09AA0011E709 /* PsyRadioAppDelegate.m */,
				B3FDA14A14BF09AA0011E709 /* PsyRadioViewController.h */,
				B3FDA14B14BF09AA0011E709 /* PsyRadioViewController.m */,
				B3FDA14D14BF09AA0011E709 /* PsyRadioViewController_iPhone.xib */,
				B3FDA15014BF09AA0011E709 /* PsyRadioViewController_iPad.xib */,
				B3FDA13F14BF09AA0011E709 /* Supporting Files */,
			);
			path = PsyRadio;
			sourceTree = "<group>";
		};
		B3FDA13F14BF09AA0011E709 /* Supporting Files */ = {
			isa = PBXGroup;
			children = (
				B3FDA14014BF09AA0011E709 /* PsyRadio-Info.plist */,
				B3FDA14114BF09AA0011E709 /* InfoPlist.strings */,
				B3FDA14414BF09AA0011E709 /* main.m */,
				B3FDA14614BF09AA0011E709 /* PsyRadio-Prefix.pch */,
			);
			name = "Supporting Files";
			sourceTree = "<group>";
		};
		B3FDA15F14BF09AA0011E709 /* PsyRadioTests */ = {
			isa = PBXGroup;
			children = (
				B3FDA16514BF09AA0011E709 /* PsyRadioTests.h */,
				B3FDA16614BF09AA0011E709 /* PsyRadioTests.m */,
				B3FDA16014BF09AA0011E709 /* Supporting Files */,
			);
			path = PsyRadioTests;
			sourceTree = "<group>";
		};
		B3FDA16014BF09AA0011E709 /* Supporting Files */ = {
			isa = PBXGroup;
			children = (
				B3FDA16114BF09AA0011E709 /* PsyRadioTests-Info.plist */,
				B3FDA16214BF09AA0011E709 /* InfoPlist.strings */,
			);
			name = "Supporting Files";
			sourceTree = "<group>";
		};
		B3FDA17214BF0A080011E709 /* Radio */ = {
			isa = PBXGroup;
			children = (
				B3FDA17314BF0A080011E709 /* Packet.h */,
				B3FDA17414BF0A080011E709 /* Packet.m */,
				B3FDA17514BF0A080011E709 /* Queue.h */,
				B3FDA17614BF0A080011E709 /* Queue.m */,
				B3FDA17714BF0A080011E709 /* Radio.h */,
				B3FDA17814BF0A080011E709 /* Radio.m */,
			);
			path = Radio;
			sourceTree = "<group>";
		};
/* End PBXGroup section */

/* Begin PBXNativeTarget section */
		B3FDA13314BF09A90011E709 /* PsyRadio */ = {
			isa = PBXNativeTarget;
			buildConfigurationList = B3FDA16A14BF09AA0011E709 /* Build configuration list for PBXNativeTarget "PsyRadio" */;
			buildPhases = (
				B3FDA13014BF09A90011E709 /* Sources */,
				B3FDA13214BF09A90011E709 /* Resources */,
				B3FDA13114BF09A90011E709 /* Frameworks */,
			);
			buildRules = (
			);
			dependencies = (
			);
			name = PsyRadio;
			productName = PsyRadio;
			productReference = B3FDA13414BF09A90011E709 /* PsyRadio.app */;
			productType = "com.apple.product-type.application";
		};
		B3FDA15714BF09AA0011E709 /* PsyRadioTests */ = {
			isa = PBXNativeTarget;
			buildConfigurationList = B3FDA16D14BF09AA0011E709 /* Build configuration list for PBXNativeTarget "PsyRadioTests" */;
			buildPhases = (
				B3FDA15314BF09AA0011E709 /* Sources */,
				B3FDA15414BF09AA0011E709 /* Frameworks */,
				B3FDA15514BF09AA0011E709 /* Resources */,
				B3FDA15614BF09AA0011E709 /* ShellScript */,
			);
			buildRules = (
			);
			dependencies = (
				B3FDA15E14BF09AA0011E709 /* PBXTargetDependency */,
			);
			name = PsyRadioTests;
			productName = PsyRadioTests;
			productReference = B3FDA15814BF09AA0011E709 /* PsyRadioTests.octest */;
			productType = "com.apple.product-type.bundle";
		};
/* End PBXNativeTarget section */

/* Begin PBXProject section */
		B3FDA12B14BF09A90011E709 /* Project object */ = {
			isa = PBXProject;
			attributes = {
				LastUpgradeCheck = 0420;
			};
			buildConfigurationList = B3FDA12E14BF09A90011E709 /* Build configuration list for PBXProject "PsyRadio" */;
			compatibilityVersion = "Xcode 3.2";
			developmentRegion = English;
			hasScannedForEncodings = 0;
			knownRegions = (
				en,
			);
			mainGroup = B3FDA12914BF09A90011E709;
			productRefGroup = B3FDA13514BF09A90011E709 /* Products */;
			projectDirPath = "";
			projectRoot = "";
			targets = (
				B3FDA13314BF09A90011E709 /* PsyRadio */,
				B3FDA15714BF09AA0011E709 /* PsyRadioTests */,
			);
		};
/* End PBXProject section */

/* Begin PBXResourcesBuildPhase section */
		B3FDA13214BF09A90011E709 /* Resources */ = {
			isa = PBXResourcesBuildPhase;
			buildActionMask = 2147483647;
			files = (
				B3FDA14314BF09AA0011E709 /* InfoPlist.strings in Resources */,
				B3FDA14F14BF09AA0011E709 /* PsyRadioViewController_iPhone.xib in Resources */,
				B3FDA15214BF09AA0011E709 /* PsyRadioViewController_iPad.xib in Resources */,
				B3DC54A414C0FFFE0051D342 /* sound_meter_background.png in Resources */,
				B3DC54A514C0FFFE0051D342 /* sound_meter_glare.png in Resources */,
				B3DC54C814C195880051D342 /* loadingbutton.png in Resources */,
				B3DC54C914C195880051D342 /* pausebutton.png in Resources */,
				B3DC54CA14C195880051D342 /* playbutton.png in Resources */,
				B3DC54CB14C195880051D342 /* stopbutton.png in Resources */,
				B3DC54F314C1A8870051D342 /* bg_sand.png in Resources */,
				B3DC54FC14C1AA810051D342 /* slider_maximum.png in Resources */,
				B3DC54FD14C1AA810051D342 /* slider_minimum.png in Resources */,
				B3DC54FE14C1AA810051D342 /* thumb.png in Resources */,
				B3DC550C14C1AC360051D342 /* segcontrol_sel-uns.png in Resources */,
				B3DC550D14C1AC360051D342 /* segcontrol_sel.png in Resources */,
				B3DC550E14C1AC360051D342 /* segcontrol_uns-sel.png in Resources */,
				B3DC550F14C1AC360051D342 /* segcontrol_uns-uns.png in Resources */,
				B3DC551014C1AC360051D342 /* segcontrol_uns.png in Resources */,
			);
			runOnlyForDeploymentPostprocessing = 0;
		};
		B3FDA15514BF09AA0011E709 /* Resources */ = {
			isa = PBXResourcesBuildPhase;
			buildActionMask = 2147483647;
			files = (
				B3FDA16414BF09AA0011E709 /* InfoPlist.strings in Resources */,
			);
			runOnlyForDeploymentPostprocessing = 0;
		};
/* End PBXResourcesBuildPhase section */

/* Begin PBXShellScriptBuildPhase section */
		B3FDA15614BF09AA0011E709 /* ShellScript */ = {
			isa = PBXShellScriptBuildPhase;
			buildActionMask = 2147483647;
			files = (
			);
			inputPaths = (
			);
			outputPaths = (
			);
			runOnlyForDeploymentPostprocessing = 0;
			shellPath = /bin/sh;
			shellScript = "# Run the unit tests in this test bundle.\n\"${SYSTEM_DEVELOPER_DIR}/Tools/RunUnitTests\"\n";
		};
/* End PBXShellScriptBuildPhase section */

/* Begin PBXSourcesBuildPhase section */
		B3FDA13014BF09A90011E709 /* Sources */ = {
			isa = PBXSourcesBuildPhase;
			buildActionMask = 2147483647;
			files = (
				B3FDA14514BF09AA0011E709 /* main.m in Sources */,
				B3FDA14914BF09AA0011E709 /* PsyRadioAppDelegate.m in Sources */,
				B3FDA14C14BF09AA0011E709 /* PsyRadioViewController.m in Sources */,
				B3FDA17914BF0A080011E709 /* Packet.m in Sources */,
				B3FDA17A14BF0A080011E709 /* Queue.m in Sources */,
				B3FDA17B14BF0A080011E709 /* Radio.m in Sources */,
				B3DC549114C0E5EB0051D342 /* AudioStreamer.m in Sources */,
				B3DC549714C0E62D0051D342 /* UIDevice+Hardware.m in Sources */,
				B3DC54B314C1033B0051D342 /* LevelMeterView.m in Sources */,
			);
			runOnlyForDeploymentPostprocessing = 0;
		};
		B3FDA15314BF09AA0011E709 /* Sources */ = {
			isa = PBXSourcesBuildPhase;
			buildActionMask = 2147483647;
			files = (
				B3FDA16714BF09AA0011E709 /* PsyRadioTests.m in Sources */,
			);
			runOnlyForDeploymentPostprocessing = 0;
		};
/* End PBXSourcesBuildPhase section */

/* Begin PBXTargetDependency section */
		B3FDA15E14BF09AA0011E709 /* PBXTargetDependency */ = {
			isa = PBXTargetDependency;
			target = B3FDA13314BF09A90011E709 /* PsyRadio */;
			targetProxy = B3FDA15D14BF09AA0011E709 /* PBXContainerItemProxy */;
		};
/* End PBXTargetDependency section */

/* Begin PBXVariantGroup section */
		B3FDA14114BF09AA0011E709 /* InfoPlist.strings */ = {
			isa = PBXVariantGroup;
			children = (
				B3FDA14214BF09AA0011E709 /* en */,
			);
			name = InfoPlist.strings;
			sourceTree = "<group>";
		};
		B3FDA14D14BF09AA0011E709 /* PsyRadioViewController_iPhone.xib */ = {
			isa = PBXVariantGroup;
			children = (
				B3FDA14E14BF09AA0011E709 /* en */,
			);
			name = PsyRadioViewController_iPhone.xib;
			sourceTree = "<group>";
		};
		B3FDA15014BF09AA0011E709 /* PsyRadioViewController_iPad.xib */ = {
			isa = PBXVariantGroup;
			children = (
				B3FDA15114BF09AA0011E709 /* en */,
			);
			name = PsyRadioViewController_iPad.xib;
			sourceTree = "<group>";
		};
		B3FDA16214BF09AA0011E709 /* InfoPlist.strings */ = {
			isa = PBXVariantGroup;
			children = (
				B3FDA16314BF09AA0011E709 /* en */,
			);
			name = InfoPlist.strings;
			sourceTree = "<group>";
		};
/* End PBXVariantGroup section */

/* Begin XCBuildConfiguration section */
		B3FDA16814BF09AA0011E709 /* Debug */ = {
			isa = XCBuildConfiguration;
			buildSettings = {
				ALWAYS_SEARCH_USER_PATHS = NO;
				ARCHS = "$(ARCHS_STANDARD_32_BIT)";
				"CODE_SIGN_IDENTITY[sdk=iphoneos*]" = "iPhone Developer";
				COPY_PHASE_STRIP = NO;
				GCC_C_LANGUAGE_STANDARD = gnu99;
				GCC_DYNAMIC_NO_PIC = NO;
				GCC_OPTIMIZATION_LEVEL = 0;
				GCC_PREPROCESSOR_DEFINITIONS = (
					"DEBUG=1",
					"$(inherited)",
				);
				GCC_SYMBOLS_PRIVATE_EXTERN = NO;
				GCC_VERSION = com.apple.compilers.llvm.clang.1_0;
				GCC_WARN_ABOUT_MISSING_PROTOTYPES = NO;
				GCC_WARN_ABOUT_RETURN_TYPE = YES;
				GCC_WARN_UNUSED_VARIABLE = YES;
				IPHONEOS_DEPLOYMENT_TARGET = 4.0;
				SDKROOT = iphoneos;
				TARGETED_DEVICE_FAMILY = "1,2";
			};
			name = Debug;
		};
		B3FDA16914BF09AA0011E709 /* Release */ = {
			isa = XCBuildConfiguration;
			buildSettings = {
				ALWAYS_SEARCH_USER_PATHS = NO;
				ARCHS = "$(ARCHS_STANDARD_32_BIT)";
				"CODE_SIGN_IDENTITY[sdk=iphoneos*]" = "iPhone Developer";
				COPY_PHASE_STRIP = YES;
				GCC_C_LANGUAGE_STANDARD = gnu99;
				GCC_VERSION = com.apple.compilers.llvm.clang.1_0;
				GCC_WARN_ABOUT_MISSING_PROTOTYPES = NO;
				GCC_WARN_ABOUT_RETURN_TYPE = YES;
				GCC_WARN_UNUSED_VARIABLE = YES;
				IPHONEOS_DEPLOYMENT_TARGET = 4.0;
				OTHER_CFLAGS = "-DNS_BLOCK_ASSERTIONS=1";
				SDKROOT = iphoneos;
				TARGETED_DEVICE_FAMILY = "1,2";
				VALIDATE_PRODUCT = YES;
			};
			name = Release;
		};
		B3FDA16B14BF09AA0011E709 /* Debug */ = {
			isa = XCBuildConfiguration;
			buildSettings = {
				GCC_PRECOMPILE_PREFIX_HEADER = YES;
				GCC_PREFIX_HEADER = "PsyRadio/PsyRadio-Prefix.pch";
				INFOPLIST_FILE = "PsyRadio/PsyRadio-Info.plist";
				IPHONEOS_DEPLOYMENT_TARGET = 4.0;
				PRODUCT_NAME = "$(TARGET_NAME)";
				WRAPPER_EXTENSION = app;
			};
			name = Debug;
		};
		B3FDA16C14BF09AA0011E709 /* Release */ = {
			isa = XCBuildConfiguration;
			buildSettings = {
				GCC_PRECOMPILE_PREFIX_HEADER = YES;
				GCC_PREFIX_HEADER = "PsyRadio/PsyRadio-Prefix.pch";
				INFOPLIST_FILE = "PsyRadio/PsyRadio-Info.plist";
				IPHONEOS_DEPLOYMENT_TARGET = 4.0;
				PRODUCT_NAME = "$(TARGET_NAME)";
				WRAPPER_EXTENSION = app;
			};
			name = Release;
		};
		B3FDA16E14BF09AA0011E709 /* Debug */ = {
			isa = XCBuildConfiguration;
			buildSettings = {
				BUNDLE_LOADER = "$(BUILT_PRODUCTS_DIR)/PsyRadio.app/PsyRadio";
				FRAMEWORK_SEARCH_PATHS = (
					"$(SDKROOT)/Developer/Library/Frameworks",
					"$(DEVELOPER_LIBRARY_DIR)/Frameworks",
				);
				GCC_PRECOMPILE_PREFIX_HEADER = YES;
				GCC_PREFIX_HEADER = "PsyRadio/PsyRadio-Prefix.pch";
				INFOPLIST_FILE = "PsyRadioTests/PsyRadioTests-Info.plist";
				PRODUCT_NAME = "$(TARGET_NAME)";
				TEST_HOST = "$(BUNDLE_LOADER)";
				WRAPPER_EXTENSION = octest;
			};
			name = Debug;
		};
		B3FDA16F14BF09AA0011E709 /* Release */ = {
			isa = XCBuildConfiguration;
			buildSettings = {
				BUNDLE_LOADER = "$(BUILT_PRODUCTS_DIR)/PsyRadio.app/PsyRadio";
				FRAMEWORK_SEARCH_PATHS = (
					"$(SDKROOT)/Developer/Library/Frameworks",
					"$(DEVELOPER_LIBRARY_DIR)/Frameworks",
				);
				GCC_PRECOMPILE_PREFIX_HEADER = YES;
				GCC_PREFIX_HEADER = "PsyRadio/PsyRadio-Prefix.pch";
				INFOPLIST_FILE = "PsyRadioTests/PsyRadioTests-Info.plist";
				PRODUCT_NAME = "$(TARGET_NAME)";
				TEST_HOST = "$(BUNDLE_LOADER)";
				WRAPPER_EXTENSION = octest;
			};
			name = Release;
		};
/* End XCBuildConfiguration section */

/* Begin XCConfigurationList section */
		B3FDA12E14BF09A90011E709 /* Build configuration list for PBXProject "PsyRadio" */ = {
			isa = XCConfigurationList;
			buildConfigurations = (
				B3FDA16814BF09AA0011E709 /* Debug */,
				B3FDA16914BF09AA0011E709 /* Release */,
			);
			defaultConfigurationIsVisible = 0;
			defaultConfigurationName = Release;
		};
		B3FDA16A14BF09AA0011E709 /* Build configuration list for PBXNativeTarget "PsyRadio" */ = {
			isa = XCConfigurationList;
			buildConfigurations = (
				B3FDA16B14BF09AA0011E709 /* Debug */,
				B3FDA16C14BF09AA0011E709 /* Release */,
			);
			defaultConfigurationIsVisible = 0;
			defaultConfigurationName = Release;
		};
		B3FDA16D14BF09AA0011E709 /* Build configuration list for PBXNativeTarget "PsyRadioTests" */ = {
			isa = XCConfigurationList;
			buildConfigurations = (
				B3FDA16E14BF09AA0011E709 /* Debug */,
				B3FDA16F14BF09AA0011E709 /* Release */,
			);
			defaultConfigurationIsVisible = 0;
			defaultConfigurationName = Release;
		};
/* End XCConfigurationList section */
	};
	rootObject = B3FDA12B14BF09A90011E709 /* Project object */;
}
