// !$*UTF8*$!
{
	archiveVersion = 1;
	classes = {
	};
	objectVersion = 46;
	objects = {

/* Begin PBXBuildFile section */
		B3344A0B14D0842800427C12 /* catware_logo.png in Resources */ = {isa = PBXBuildFile; fileRef = B3344A0914D0842800427C12 /* catware_logo.png */; };
		B3344A0C14D0842800427C12 /* catware_logo@2x.png in Resources */ = {isa = PBXBuildFile; fileRef = B3344A0A14D0842800427C12 /* catware_logo@2x.png */; };
		B3A8757814CAF80600ADB447 /* icon.png in Resources */ = {isa = PBXBuildFile; fileRef = B3A8757614CAF80600ADB447 /* icon.png */; };
		B3A8758014CAF86500ADB447 /* icon_ipad.png in Resources */ = {isa = PBXBuildFile; fileRef = B3A8757F14CAF86500ADB447 /* icon_ipad.png */; };
		B3A8758D14CAF96000ADB447 /* Default.png in Resources */ = {isa = PBXBuildFile; fileRef = B3A8758A14CAF96000ADB447 /* Default.png */; };
		B3A8759214CAF98C00ADB447 /* icon@2x.png in Resources */ = {isa = PBXBuildFile; fileRef = B3A8759114CAF98C00ADB447 /* icon@2x.png */; };
		B3A8759614CAF9A500ADB447 /* Default@2x.png in Resources */ = {isa = PBXBuildFile; fileRef = B3A8759514CAF9A500ADB447 /* Default@2x.png */; };
		B3A8759814CAF9D200ADB447 /* Default-Portrait~ipad.png in Resources */ = {isa = PBXBuildFile; fileRef = B3A8759714CAF9D200ADB447 /* Default-Portrait~ipad.png */; };
		B3A8759C14CAFD3F00ADB447 /* buttonshadow.png in Resources */ = {isa = PBXBuildFile; fileRef = B3A8759B14CAFD3F00ADB447 /* buttonshadow.png */; };
		B3A8759F14CAFE6100ADB447 /* sound-minus.png in Resources */ = {isa = PBXBuildFile; fileRef = B3A8759D14CAFE6100ADB447 /* sound-minus.png */; };
		B3A875A014CAFE6100ADB447 /* sound-plus.png in Resources */ = {isa = PBXBuildFile; fileRef = B3A8759E14CAFE6100ADB447 /* sound-plus.png */; };
		B3A875A214CAFFAB00ADB447 /* logo.png in Resources */ = {isa = PBXBuildFile; fileRef = B3A875A114CAFFAB00ADB447 /* logo.png */; };
		B3A875A414CAFFC500ADB447 /* logo@2x.png in Resources */ = {isa = PBXBuildFile; fileRef = B3A875A314CAFFC500ADB447 /* logo@2x.png */; };
		B3DC54C814C195880051D342 /* loadingbutton.png in Resources */ = {isa = PBXBuildFile; fileRef = B3DC54C414C195880051D342 /* loadingbutton.png */; };
		B3DC54C914C195880051D342 /* pausebutton.png in Resources */ = {isa = PBXBuildFile; fileRef = B3DC54C514C195880051D342 /* pausebutton.png */; };
		B3DC54CA14C195880051D342 /* playbutton.png in Resources */ = {isa = PBXBuildFile; fileRef = B3DC54C614C195880051D342 /* playbutton.png */; };
		B3DC54D214C196F80051D342 /* QuartzCore.framework in Frameworks */ = {isa = PBXBuildFile; fileRef = B3DC54D114C196F70051D342 /* QuartzCore.framework */; };
		B3DC54F314C1A8870051D342 /* bg_sand.png in Resources */ = {isa = PBXBuildFile; fileRef = B3DC54F214C1A8870051D342 /* bg_sand.png */; };
		B3DC54FC14C1AA810051D342 /* slider_maximum.png in Resources */ = {isa = PBXBuildFile; fileRef = B3DC54F914C1AA810051D342 /* slider_maximum.png */; };
		B3DC54FD14C1AA810051D342 /* slider_minimum.png in Resources */ = {isa = PBXBuildFile; fileRef = B3DC54FA14C1AA810051D342 /* slider_minimum.png */; };
		B3DC54FE14C1AA810051D342 /* thumb.png in Resources */ = {isa = PBXBuildFile; fileRef = B3DC54FB14C1AA810051D342 /* thumb.png */; };
		B3ECBC6214D9841A008C0EE1 /* button_bg@2x.png in Resources */ = {isa = PBXBuildFile; fileRef = B3ECBC6114D9841A008C0EE1 /* button_bg@2x.png */; };
		B3F4A37C14D03BED0067061F /* button_bg.png in Resources */ = {isa = PBXBuildFile; fileRef = B3F4A37B14D03BED0067061F /* button_bg.png */; };
		B3F4A38414D04FFC0067061F /* Default-Landscape~ipad.png in Resources */ = {isa = PBXBuildFile; fileRef = B3F4A37E14D04FFC0067061F /* Default-Landscape~ipad.png */; };
		B3F4A38514D04FFC0067061F /* loadingbutton@2x.png in Resources */ = {isa = PBXBuildFile; fileRef = B3F4A37F14D04FFC0067061F /* loadingbutton@2x.png */; };
		B3F4A38614D04FFC0067061F /* pausebutton@2x.png in Resources */ = {isa = PBXBuildFile; fileRef = B3F4A38014D04FFC0067061F /* pausebutton@2x.png */; };
		B3F4A38714D04FFC0067061F /* playbutton@2x.png in Resources */ = {isa = PBXBuildFile; fileRef = B3F4A38114D04FFC0067061F /* playbutton@2x.png */; };
		B3F4A38814D04FFC0067061F /* slider_maximum@2x.png in Resources */ = {isa = PBXBuildFile; fileRef = B3F4A38214D04FFC0067061F /* slider_maximum@2x.png */; };
		B3F4A38914D04FFC0067061F /* slider_minimum@2x.png in Resources */ = {isa = PBXBuildFile; fileRef = B3F4A38314D04FFC0067061F /* slider_minimum@2x.png */; };
		B3F4A38B14D0502A0067061F /* thumb@2x.png in Resources */ = {isa = PBXBuildFile; fileRef = B3F4A38A14D0502A0067061F /* thumb@2x.png */; };
		B3F4A38E14D0506E0067061F /* sound-minus@2x.png in Resources */ = {isa = PBXBuildFile; fileRef = B3F4A38C14D0506E0067061F /* sound-minus@2x.png */; };
		B3F4A38F14D0506E0067061F /* sound-plus@2x.png in Resources */ = {isa = PBXBuildFile; fileRef = B3F4A38D14D0506E0067061F /* sound-plus@2x.png */; };
		B3FDA13914BF09A90011E709 /* UIKit.framework in Frameworks */ = {isa = PBXBuildFile; fileRef = B3FDA13814BF09A90011E709 /* UIKit.framework */; };
		B3FDA13B14BF09A90011E709 /* Foundation.framework in Frameworks */ = {isa = PBXBuildFile; fileRef = B3FDA13A14BF09A90011E709 /* Foundation.framework */; };
		B3FDA13D14BF09A90011E709 /* CoreGraphics.framework in Frameworks */ = {isa = PBXBuildFile; fileRef = B3FDA13C14BF09A90011E709 /* CoreGraphics.framework */; };
		B3FDA14314BF09AA0011E709 /* InfoPlist.strings in Resources */ = {isa = PBXBuildFile; fileRef = B3FDA14114BF09AA0011E709 /* InfoPlist.strings */; };
		B3FDA14514BF09AA0011E709 /* main.m in Sources */ = {isa = PBXBuildFile; fileRef = B3FDA14414BF09AA0011E709 /* main.m */; };
		B3FDA14914BF09AA0011E709 /* PsyRadioAppDelegate.m in Sources */ = {isa = PBXBuildFile; fileRef = B3FDA14814BF09AA0011E709 /* PsyRadioAppDelegate.m */; };
		B3FDA14C14BF09AA0011E709 /* PsyRadioViewController.m in Sources */ = {isa = PBXBuildFile; fileRef = B3FDA14B14BF09AA0011E709 /* PsyRadioViewController.m */; };
		B3FDA14F14BF09AA0011E709 /* PsyRadioViewController_iPhone.xib in Resources */ = {isa = PBXBuildFile; fileRef = B3FDA14D14BF09AA0011E709 /* PsyRadioViewController_iPhone.xib */; };
		B3FDA15214BF09AA0011E709 /* PsyRadioViewController_iPad.xib in Resources */ = {isa = PBXBuildFile; fileRef = B3FDA15014BF09AA0011E709 /* PsyRadioViewController_iPad.xib */; };
		B3FDA15A14BF09AA0011E709 /* SenTestingKit.framework in Frameworks */ = {isa = PBXBuildFile; fileRef = B3FDA15914BF09AA0011E709 /* SenTestingKit.framework */; };
		B3FDA15B14BF09AA0011E709 /* UIKit.framework in Frameworks */ = {isa = PBXBuildFile; fileRef = B3FDA13814BF09A90011E709 /* UIKit.framework */; };
		B3FDA15C14BF09AA0011E709 /* Foundation.framework in Frameworks */ = {isa = PBXBuildFile; fileRef = B3FDA13A14BF09A90011E709 /* Foundation.framework */; };
		B3FDA16414BF09AA0011E709 /* InfoPlist.strings in Resources */ = {isa = PBXBuildFile; fileRef = B3FDA16214BF09AA0011E709 /* InfoPlist.strings */; };
		B3FDA16714BF09AA0011E709 /* PsyRadioTests.m in Sources */ = {isa = PBXBuildFile; fileRef = B3FDA16614BF09AA0011E709 /* PsyRadioTests.m */; };
		B3FDA17114BF09D40011E709 /* AudioToolbox.framework in Frameworks */ = {isa = PBXBuildFile; fileRef = B3FDA17014BF09D40011E709 /* AudioToolbox.framework */; };
		B3FDA17914BF0A080011E709 /* Packet.m in Sources */ = {isa = PBXBuildFile; fileRef = B3FDA17414BF0A080011E709 /* Packet.m */; };
		B3FDA17A14BF0A080011E709 /* Queue.m in Sources */ = {isa = PBXBuildFile; fileRef = B3FDA17614BF0A080011E709 /* Queue.m */; };
		B3FDA17B14BF0A080011E709 /* Radio.m in Sources */ = {isa = PBXBuildFile; fileRef = B3FDA17814BF0A080011E709 /* Radio.m */; };
		B3FF77A314CB3066008EF711 /* AboutViewController.m in Sources */ = {isa = PBXBuildFile; fileRef = B3FF77A114CB3066008EF711 /* AboutViewController.m */; };
		B3FF77A414CB3066008EF711 /* AboutViewController_IPad.xib in Resources */ = {isa = PBXBuildFile; fileRef = B3FF77A214CB3066008EF711 /* AboutViewController_IPad.xib */; };
		B3FF77AD14CB3151008EF711 /* AboutViewController_IPhone.xib in Resources */ = {isa = PBXBuildFile; fileRef = B3FF77AC14CB3151008EF711 /* AboutViewController_IPhone.xib */; };
/* End PBXBuildFile section */

/* Begin PBXContainerItemProxy section */
		B3FDA15D14BF09AA0011E709 /* PBXContainerItemProxy */ = {
			isa = PBXContainerItemProxy;
			containerPortal = B3FDA12B14BF09A90011E709 /* Project object */;
			proxyType = 1;
			remoteGlobalIDString = B3FDA13314BF09A90011E709;
			remoteInfo = PsyRadio;
		};
/* End PBXContainerItemProxy section */

/* Begin PBXFileReference section */
		B3344A0914D0842800427C12 /* catware_logo.png */ = {isa = PBXFileReference; lastKnownFileType = image.png; path = catware_logo.png; sourceTree = "<group>"; };
		B3344A0A14D0842800427C12 /* catware_logo@2x.png */ = {isa = PBXFileReference; lastKnownFileType = image.png; path = "catware_logo@2x.png"; sourceTree = "<group>"; };
		B3A8757614CAF80600ADB447 /* icon.png */ = {isa = PBXFileReference; lastKnownFileType = image.png; path = icon.png; sourceTree = "<group>"; };
		B3A8757F14CAF86500ADB447 /* icon_ipad.png */ = {isa = PBXFileReference; lastKnownFileType = image.png; path = icon_ipad.png; sourceTree = "<group>"; };
		B3A8758A14CAF96000ADB447 /* Default.png */ = {isa = PBXFileReference; lastKnownFileType = image.png; path = Default.png; sourceTree = "<group>"; };
		B3A8759114CAF98C00ADB447 /* icon@2x.png */ = {isa = PBXFileReference; lastKnownFileType = image.png; path = "icon@2x.png"; sourceTree = "<group>"; };
		B3A8759514CAF9A500ADB447 /* Default@2x.png */ = {isa = PBXFileReference; lastKnownFileType = image.png; path = "Default@2x.png"; sourceTree = "<group>"; };
		B3A8759714CAF9D200ADB447 /* Default-Portrait~ipad.png */ = {isa = PBXFileReference; lastKnownFileType = image.png; path = "Default-Portrait~ipad.png"; sourceTree = "<group>"; };
		B3A8759B14CAFD3F00ADB447 /* buttonshadow.png */ = {isa = PBXFileReference; lastKnownFileType = image.png; path = buttonshadow.png; sourceTree = "<group>"; };
		B3A8759D14CAFE6100ADB447 /* sound-minus.png */ = {isa = PBXFileReference; lastKnownFileType = image.png; path = "sound-minus.png"; sourceTree = "<group>"; };
		B3A8759E14CAFE6100ADB447 /* sound-plus.png */ = {isa = PBXFileReference; lastKnownFileType = image.png; path = "sound-plus.png"; sourceTree = "<group>"; };
		B3A875A114CAFFAB00ADB447 /* logo.png */ = {isa = PBXFileReference; lastKnownFileType = image.png; path = logo.png; sourceTree = "<group>"; };
		B3A875A314CAFFC500ADB447 /* logo@2x.png */ = {isa = PBXFileReference; lastKnownFileType = image.png; path = "logo@2x.png"; sourceTree = "<group>"; };
		B3DC549314C0E6070051D342 /* CFNetwork.framework */ = {isa = PBXFileReference; lastKnownFileType = wrapper.framework; name = CFNetwork.framework; path = System/Library/Frameworks/CFNetwork.framework; sourceTree = SDKROOT; };
		B3DC54C414C195880051D342 /* loadingbutton.png */ = {isa = PBXFileReference; lastKnownFileType = image.png; path = loadingbutton.png; sourceTree = "<group>"; };
		B3DC54C514C195880051D342 /* pausebutton.png */ = {isa = PBXFileReference; lastKnownFileType = image.png; path = pausebutton.png; sourceTree = "<group>"; };
		B3DC54C614C195880051D342 /* playbutton.png */ = {isa = PBXFileReference; lastKnownFileType = image.png; path = playbutton.png; sourceTree = "<group>"; };
		B3DC54D114C196F70051D342 /* QuartzCore.framework */ = {isa = PBXFileReference; lastKnownFileType = wrapper.framework; name = QuartzCore.framework; path = System/Library/Frameworks/QuartzCore.framework; sourceTree = SDKROOT; };
		B3DC54F214C1A8870051D342 /* bg_sand.png */ = {isa = PBXFileReference; lastKnownFileType = image.png; path = bg_sand.png; sourceTree = "<group>"; };
		B3DC54F914C1AA810051D342 /* slider_maximum.png */ = {isa = PBXFileReference; lastKnownFileType = image.png; path = slider_maximum.png; sourceTree = "<group>"; };
		B3DC54FA14C1AA810051D342 /* slider_minimum.png */ = {isa = PBXFileReference; lastKnownFileType = image.png; path = slider_minimum.png; sourceTree = "<group>"; };
		B3DC54FB14C1AA810051D342 /* thumb.png */ = {isa = PBXFileReference; lastKnownFileType = image.png; path = thumb.png; sourceTree = "<group>"; };
		B3ECBC6114D9841A008C0EE1 /* button_bg@2x.png */ = {isa = PBXFileReference; lastKnownFileType = image.png; path = "button_bg@2x.png"; sourceTree = "<group>"; };
		B3F4A37B14D03BED0067061F /* button_bg.png */ = {isa = PBXFileReference; lastKnownFileType = image.png; path = button_bg.png; sourceTree = "<group>"; };
		B3F4A37E14D04FFC0067061F /* Default-Landscape~ipad.png */ = {isa = PBXFileReference; lastKnownFileType = image.png; path = "Default-Landscape~ipad.png"; sourceTree = "<group>"; };
		B3F4A37F14D04FFC0067061F /* loadingbutton@2x.png */ = {isa = PBXFileReference; lastKnownFileType = image.png; path = "loadingbutton@2x.png"; sourceTree = "<group>"; };
		B3F4A38014D04FFC0067061F /* pausebutton@2x.png */ = {isa = PBXFileReference; lastKnownFileType = image.png; path = "pausebutton@2x.png"; sourceTree = "<group>"; };
		B3F4A38114D04FFC0067061F /* playbutton@2x.png */ = {isa = PBXFileReference; lastKnownFileType = image.png; path = "playbutton@2x.png"; sourceTree = "<group>"; };
		B3F4A38214D04FFC0067061F /* slider_maximum@2x.png */ = {isa = PBXFileReference; lastKnownFileType = image.png; path = "slider_maximum@2x.png"; sourceTree = "<group>"; };
		B3F4A38314D04FFC0067061F /* slider_minimum@2x.png */ = {isa = PBXFileReference; lastKnownFileType = image.png; path = "slider_minimum@2x.png"; sourceTree = "<group>"; };
		B3F4A38A14D0502A0067061F /* thumb@2x.png */ = {isa = PBXFileReference; lastKnownFileType = image.png; path = "thumb@2x.png"; sourceTree = "<group>"; };
		B3F4A38C14D0506E0067061F /* sound-minus@2x.png */ = {isa = PBXFileReference; lastKnownFileType = image.png; path = "sound-minus@2x.png"; sourceTree = "<group>"; };
		B3F4A38D14D0506E0067061F /* sound-plus@2x.png */ = {isa = PBXFileReference; lastKnownFileType = image.png; path = "sound-plus@2x.png"; sourceTree = "<group>"; };
		B3FDA13414BF09A90011E709 /* PsyRadio.app */ = {isa = PBXFileReference; explicitFileType = wrapper.application; includeInIndex = 0; path = PsyRadio.app; sourceTree = BUILT_PRODUCTS_DIR; };
		B3FDA13814BF09A90011E709 /* UIKit.framework */ = {isa = PBXFileReference; lastKnownFileType = wrapper.framework; name = UIKit.framework; path = System/Library/Frameworks/UIKit.framework; sourceTree = SDKROOT; };
		B3FDA13A14BF09A90011E709 /* Foundation.framework */ = {isa = PBXFileReference; lastKnownFileType = wrapper.framework; name = Foundation.framework; path = System/Library/Frameworks/Foundation.framework; sourceTree = SDKROOT; };
		B3FDA13C14BF09A90011E709 /* CoreGraphics.framework */ = {isa = PBXFileReference; lastKnownFileType = wrapper.framework; name = CoreGraphics.framework; path = System/Library/Frameworks/CoreGraphics.framework; sourceTree = SDKROOT; };
		B3FDA14014BF09AA0011E709 /* PsyRadio-Info.plist */ = {isa = PBXFileReference; lastKnownFileType = text.plist.xml; path = "PsyRadio-Info.plist"; sourceTree = "<group>"; };
		B3FDA14214BF09AA0011E709 /* en */ = {isa = PBXFileReference; lastKnownFileType = text.plist.strings; name = en; path = en.lproj/InfoPlist.strings; sourceTree = "<group>"; };
		B3FDA14414BF09AA0011E709 /* main.m */ = {isa = PBXFileReference; lastKnownFileType = sourcecode.c.objc; path = main.m; sourceTree = "<group>"; };
		B3FDA14614BF09AA0011E709 /* PsyRadio-Prefix.pch */ = {isa = PBXFileReference; lastKnownFileType = sourcecode.c.h; path = "PsyRadio-Prefix.pch"; sourceTree = "<group>"; };
		B3FDA14714BF09AA0011E709 /* PsyRadioAppDelegate.h */ = {isa = PBXFileReference; lastKnownFileType = sourcecode.c.h; path = PsyRadioAppDelegate.h; sourceTree = "<group>"; };
		B3FDA14814BF09AA0011E709 /* PsyRadioAppDelegate.m */ = {isa = PBXFileReference; lastKnownFileType = sourcecode.c.objc; path = PsyRadioAppDelegate.m; sourceTree = "<group>"; };
		B3FDA14A14BF09AA0011E709 /* PsyRadioViewController.h */ = {isa = PBXFileReference; lastKnownFileType = sourcecode.c.h; path = PsyRadioViewController.h; sourceTree = "<group>"; };
		B3FDA14B14BF09AA0011E709 /* PsyRadioViewController.m */ = {isa = PBXFileReference; lastKnownFileType = sourcecode.c.objc; path = PsyRadioViewController.m; sourceTree = "<group>"; };
		B3FDA14E14BF09AA0011E709 /* en */ = {isa = PBXFileReference; lastKnownFileType = file.xib; name = en; path = en.lproj/PsyRadioViewController_iPhone.xib; sourceTree = "<group>"; };
		B3FDA15114BF09AA0011E709 /* en */ = {isa = PBXFileReference; lastKnownFileType = file.xib; name = en; path = en.lproj/PsyRadioViewController_iPad.xib; sourceTree = "<group>"; };
		B3FDA15814BF09AA0011E709 /* PsyRadioTests.octest */ = {isa = PBXFileReference; explicitFileType = wrapper.cfbundle; includeInIndex = 0; path = PsyRadioTests.octest; sourceTree = BUILT_PRODUCTS_DIR; };
		B3FDA15914BF09AA0011E709 /* SenTestingKit.framework */ = {isa = PBXFileReference; lastKnownFileType = wrapper.framework; name = SenTestingKit.framework; path = Library/Frameworks/SenTestingKit.framework; sourceTree = DEVELOPER_DIR; };
		B3FDA16114BF09AA0011E709 /* PsyRadioTests-Info.plist */ = {isa = PBXFileReference; lastKnownFileType = text.plist.xml; path = "PsyRadioTests-Info.plist"; sourceTree = "<group>"; };
		B3FDA16314BF09AA0011E709 /* en */ = {isa = PBXFileReference; lastKnownFileType = text.plist.strings; name = en; path = en.lproj/InfoPlist.strings; sourceTree = "<group>"; };
		B3FDA16514BF09AA0011E709 /* PsyRadioTests.h */ = {isa = PBXFileReference; lastKnownFileType = sourcecode.c.h; path = PsyRadioTests.h; sourceTree = "<group>"; };
		B3FDA16614BF09AA0011E709 /* PsyRadioTests.m */ = {isa = PBXFileReference; lastKnownFileType = sourcecode.c.objc; path = PsyRadioTests.m; sourceTree = "<group>"; };
		B3FDA17014BF09D40011E709 /* AudioToolbox.framework */ = {isa = PBXFileReference; lastKnownFileType = wrapper.framework; name = AudioToolbox.framework; path = System/Library/Frameworks/AudioToolbox.framework; sourceTree = SDKROOT; };
		B3FDA17314BF0A080011E709 /* Packet.h */ = {isa = PBXFileReference; fileEncoding = 4; lastKnownFileType = sourcecode.c.h; path = Packet.h; sourceTree = "<group>"; };
		B3FDA17414BF0A080011E709 /* Packet.m */ = {isa = PBXFileReference; fileEncoding = 4; lastKnownFileType = sourcecode.c.objc; path = Packet.m; sourceTree = "<group>"; };
		B3FDA17514BF0A080011E709 /* Queue.h */ = {isa = PBXFileReference; fileEncoding = 4; lastKnownFileType = sourcecode.c.h; path = Queue.h; sourceTree = "<group>"; };
		B3FDA17614BF0A080011E709 /* Queue.m */ = {isa = PBXFileReference; fileEncoding = 4; lastKnownFileType = sourcecode.c.objc; path = Queue.m; sourceTree = "<group>"; };
		B3FDA17714BF0A080011E709 /* Radio.h */ = {isa = PBXFileReference; fileEncoding = 4; lastKnownFileType = sourcecode.c.h; path = Radio.h; sourceTree = "<group>"; };
		B3FDA17814BF0A080011E709 /* Radio.m */ = {isa = PBXFileReference; fileEncoding = 4; lastKnownFileType = sourcecode.c.objc; path = Radio.m; sourceTree = "<group>"; };
		B3FF77A014CB3066008EF711 /* AboutViewController.h */ = {isa = PBXFileReference; fileEncoding = 4; lastKnownFileType = sourcecode.c.h; path = AboutViewController.h; sourceTree = "<group>"; };
		B3FF77A114CB3066008EF711 /* AboutViewController.m */ = {isa = PBXFileReference; fileEncoding = 4; lastKnownFileType = sourcecode.c.objc; path = AboutViewController.m; sourceTree = "<group>"; };
		B3FF77A214CB3066008EF711 /* AboutViewController_IPad.xib */ = {isa = PBXFileReference; fileEncoding = 4; lastKnownFileType = file.xib; path = AboutViewController_IPad.xib; sourceTree = "<group>"; };
		B3FF77AC14CB3151008EF711 /* AboutViewController_IPhone.xib */ = {isa = PBXFileReference; fileEncoding = 4; lastKnownFileType = file.xib; path = AboutViewController_IPhone.xib; sourceTree = "<group>"; };
/* End PBXFileReference section */

/* Begin PBXFrameworksBuildPhase section */
		B3FDA13114BF09A90011E709 /* Frameworks */ = {
			isa = PBXFrameworksBuildPhase;
			buildActionMask = 2147483647;
			files = (
				B3DC54D214C196F80051D342 /* QuartzCore.framework in Frameworks */,
				B3FDA17114BF09D40011E709 /* AudioToolbox.framework in Frameworks */,
				B3FDA13914BF09A90011E709 /* UIKit.framework in Frameworks */,
				B3FDA13B14BF09A90011E709 /* Foundation.framework in Frameworks */,
				B3FDA13D14BF09A90011E709 /* CoreGraphics.framework in Frameworks */,
			);
			runOnlyForDeploymentPostprocessing = 0;
		};
		B3FDA15414BF09AA0011E709 /* Frameworks */ = {
			isa = PBXFrameworksBuildPhase;
			buildActionMask = 2147483647;
			files = (
				B3FDA15A14BF09AA0011E709 /* SenTestingKit.framework in Frameworks */,
				B3FDA15B14BF09AA0011E709 /* UIKit.framework in Frameworks */,
				B3FDA15C14BF09AA0011E709 /* Foundation.framework in Frameworks */,
			);
			runOnlyForDeploymentPostprocessing = 0;
		};
/* End PBXFrameworksBuildPhase section */

/* Begin PBXGroup section */
		B3DC54A014C0FFFE0051D342 /* Resources */ = {
			isa = PBXGroup;
			children = (
				B3DC54A114C0FFFE0051D342 /* images */,
			);
			path = Resources;
			sourceTree = "<group>";
		};
		B3DC54A114C0FFFE0051D342 /* images */ = {
			isa = PBXGroup;
			children = (
				B3ECBC6114D9841A008C0EE1 /* button_bg@2x.png */,
				B3344A0914D0842800427C12 /* catware_logo.png */,
				B3344A0A14D0842800427C12 /* catware_logo@2x.png */,
				B3F4A38C14D0506E0067061F /* sound-minus@2x.png */,
				B3F4A38D14D0506E0067061F /* sound-plus@2x.png */,
				B3F4A38A14D0502A0067061F /* thumb@2x.png */,
				B3F4A37E14D04FFC0067061F /* Default-Landscape~ipad.png */,
				B3F4A37F14D04FFC0067061F /* loadingbutton@2x.png */,
				B3F4A38014D04FFC0067061F /* pausebutton@2x.png */,
				B3F4A38114D04FFC0067061F /* playbutton@2x.png */,
				B3F4A38214D04FFC0067061F /* slider_maximum@2x.png */,
				B3F4A38314D04FFC0067061F /* slider_minimum@2x.png */,
				B3F4A37B14D03BED0067061F /* button_bg.png */,
				B3A875A314CAFFC500ADB447 /* logo@2x.png */,
				B3A875A114CAFFAB00ADB447 /* logo.png */,
				B3A8759D14CAFE6100ADB447 /* sound-minus.png */,
				B3A8759E14CAFE6100ADB447 /* sound-plus.png */,
				B3A8759B14CAFD3F00ADB447 /* buttonshadow.png */,
				B3A8759714CAF9D200ADB447 /* Default-Portrait~ipad.png */,
				B3A8759514CAF9A500ADB447 /* Default@2x.png */,
				B3A8759114CAF98C00ADB447 /* icon@2x.png */,
				B3A8758A14CAF96000ADB447 /* Default.png */,
				B3A8757F14CAF86500ADB447 /* icon_ipad.png */,
				B3A8757614CAF80600ADB447 /* icon.png */,
				B3DC54F914C1AA810051D342 /* slider_maximum.png */,
				B3DC54FA14C1AA810051D342 /* slider_minimum.png */,
				B3DC54FB14C1AA810051D342 /* thumb.png */,
				B3DC54F214C1A8870051D342 /* bg_sand.png */,
				B3DC54C414C195880051D342 /* loadingbutton.png */,
				B3DC54C514C195880051D342 /* pausebutton.png */,
				B3DC54C614C195880051D342 /* playbutton.png */,
			);
			path = images;
			sourceTree = "<group>";
		};
		B3FDA12914BF09A90011E709 = {
			isa = PBXGroup;
			children = (
				B3FDA13E14BF09AA0011E709 /* PsyRadio */,
				B3FDA15F14BF09AA0011E709 /* PsyRadioTests */,
				B3DC54A014C0FFFE0051D342 /* Resources */,
				B3FDA13714BF09A90011E709 /* Frameworks */,
				B3FDA13514BF09A90011E709 /* Products */,
			);
			sourceTree = "<group>";
		};
		B3FDA13514BF09A90011E709 /* Products */ = {
			isa = PBXGroup;
			children = (
				B3FDA13414BF09A90011E709 /* PsyRadio.app */,
				B3FDA15814BF09AA0011E709 /* PsyRadioTests.octest */,
			);
			name = Products;
			sourceTree = "<group>";
		};
		B3FDA13714BF09A90011E709 /* Frameworks */ = {
			isa = PBXGroup;
			children = (
				B3DC54D114C196F70051D342 /* QuartzCore.framework */,
				B3DC549314C0E6070051D342 /* CFNetwork.framework */,
				B3FDA17014BF09D40011E709 /* AudioToolbox.framework */,
				B3FDA13814BF09A90011E709 /* UIKit.framework */,
				B3FDA13A14BF09A90011E709 /* Foundation.framework */,
				B3FDA13C14BF09A90011E709 /* CoreGraphics.framework */,
				B3FDA15914BF09AA0011E709 /* SenTestingKit.framework */,
			);
			name = Frameworks;
			sourceTree = "<group>";
		};
		B3FDA13E14BF09AA0011E709 /* PsyRadio */ = {
			isa = PBXGroup;
			children = (
				B3FDA17214BF0A080011E709 /* Radio */,
				B3FDA14714BF09AA0011E709 /* PsyRadioAppDelegate.h */,
				B3FDA14814BF09AA0011E709 /* PsyRadioAppDelegate.m */,
				B3FDA14A14BF09AA0011E709 /* PsyRadioViewController.h */,
				B3FDA14B14BF09AA0011E709 /* PsyRadioViewController.m */,
				B3FDA14D14BF09AA0011E709 /* PsyRadioViewController_iPhone.xib */,
				B3FDA15014BF09AA0011E709 /* PsyRadioViewController_iPad.xib */,
				B3FDA13F14BF09AA0011E709 /* Supporting Files */,
				B3FF77A014CB3066008EF711 /* AboutViewController.h */,
				B3FF77A114CB3066008EF711 /* AboutViewController.m */,
				B3FF77A214CB3066008EF711 /* AboutViewController_IPad.xib */,
				B3FF77AC14CB3151008EF711 /* AboutViewController_IPhone.xib */,
			);
			path = PsyRadio;
			sourceTree = "<group>";
		};
		B3FDA13F14BF09AA0011E709 /* Supporting Files */ = {
			isa = PBXGroup;
			children = (
				B3FDA14014BF09AA0011E709 /* PsyRadio-Info.plist */,
				B3FDA14114BF09AA0011E709 /* InfoPlist.strings */,
				B3FDA14414BF09AA0011E709 /* main.m */,
				B3FDA14614BF09AA0011E709 /* PsyRadio-Prefix.pch */,
			);
			name = "Supporting Files";
			sourceTree = "<group>";
		};
		B3FDA15F14BF09AA0011E709 /* PsyRadioTests */ = {
			isa = PBXGroup;
			children = (
				B3FDA16514BF09AA0011E709 /* PsyRadioTests.h */,
				B3FDA16614BF09AA0011E709 /* PsyRadioTests.m */,
				B3FDA16014BF09AA0011E709 /* Supporting Files */,
			);
			path = PsyRadioTests;
			sourceTree = "<group>";
		};
		B3FDA16014BF09AA0011E709 /* Supporting Files */ = {
			isa = PBXGroup;
			children = (
				B3FDA16114BF09AA0011E709 /* PsyRadioTests-Info.plist */,
				B3FDA16214BF09AA0011E709 /* InfoPlist.strings */,
			);
			name = "Supporting Files";
			sourceTree = "<group>";
		};
		B3FDA17214BF0A080011E709 /* Radio */ = {
			isa = PBXGroup;
			children = (
				B3FDA17314BF0A080011E709 /* Packet.h */,
				B3FDA17414BF0A080011E709 /* Packet.m */,
				B3FDA17514BF0A080011E709 /* Queue.h */,
				B3FDA17614BF0A080011E709 /* Queue.m */,
				B3FDA17714BF0A080011E709 /* Radio.h */,
				B3FDA17814BF0A080011E709 /* Radio.m */,
			);
			path = Radio;
			sourceTree = "<group>";
		};
/* End PBXGroup section */

/* Begin PBXNativeTarget section */
		B3FDA13314BF09A90011E709 /* PsyRadio */ = {
			isa = PBXNativeTarget;
			buildConfigurationList = B3FDA16A14BF09AA0011E709 /* Build configuration list for PBXNativeTarget "PsyRadio" */;
			buildPhases = (
				B3FDA13014BF09A90011E709 /* Sources */,
				B3FDA13214BF09A90011E709 /* Resources */,
				B3FDA13114BF09A90011E709 /* Frameworks */,
			);
			buildRules = (
			);
			dependencies = (
			);
			name = PsyRadio;
			productName = PsyRadio;
			productReference = B3FDA13414BF09A90011E709 /* PsyRadio.app */;
			productType = "com.apple.product-type.application";
		};
		B3FDA15714BF09AA0011E709 /* PsyRadioTests */ = {
			isa = PBXNativeTarget;
			buildConfigurationList = B3FDA16D14BF09AA0011E709 /* Build configuration list for PBXNativeTarget "PsyRadioTests" */;
			buildPhases = (
				B3FDA15314BF09AA0011E709 /* Sources */,
				B3FDA15414BF09AA0011E709 /* Frameworks */,
				B3FDA15514BF09AA0011E709 /* Resources */,
				B3FDA15614BF09AA0011E709 /* ShellScript */,
			);
			buildRules = (
			);
			dependencies = (
				B3FDA15E14BF09AA0011E709 /* PBXTargetDependency */,
			);
			name = PsyRadioTests;
			productName = PsyRadioTests;
			productReference = B3FDA15814BF09AA0011E709 /* PsyRadioTests.octest */;
			productType = "com.apple.product-type.bundle";
		};
/* End PBXNativeTarget section */

/* Begin PBXProject section */
		B3FDA12B14BF09A90011E709 /* Project object */ = {
			isa = PBXProject;
			attributes = {
				LastUpgradeCheck = 0420;
			};
			buildConfigurationList = B3FDA12E14BF09A90011E709 /* Build configuration list for PBXProject "PsyRadio" */;
			compatibilityVersion = "Xcode 3.2";
			developmentRegion = English;
			hasScannedForEncodings = 0;
			knownRegions = (
				en,
			);
			mainGroup = B3FDA12914BF09A90011E709;
			productRefGroup = B3FDA13514BF09A90011E709 /* Products */;
			projectDirPath = "";
			projectRoot = "";
			targets = (
				B3FDA13314BF09A90011E709 /* PsyRadio */,
				B3FDA15714BF09AA0011E709 /* PsyRadioTests */,
			);
		};
/* End PBXProject section */

/* Begin PBXResourcesBuildPhase section */
		B3FDA13214BF09A90011E709 /* Resources */ = {
			isa = PBXResourcesBuildPhase;
			buildActionMask = 2147483647;
			files = (
				B3FDA14314BF09AA0011E709 /* InfoPlist.strings in Resources */,
				B3FDA14F14BF09AA0011E709 /* PsyRadioViewController_iPhone.xib in Resources */,
				B3FDA15214BF09AA0011E709 /* PsyRadioViewController_iPad.xib in Resources */,
				B3DC54C814C195880051D342 /* loadingbutton.png in Resources */,
				B3DC54C914C195880051D342 /* pausebutton.png in Resources */,
				B3DC54CA14C195880051D342 /* playbutton.png in Resources */,
				B3DC54F314C1A8870051D342 /* bg_sand.png in Resources */,
				B3DC54FC14C1AA810051D342 /* slider_maximum.png in Resources */,
				B3DC54FD14C1AA810051D342 /* slider_minimum.png in Resources */,
				B3DC54FE14C1AA810051D342 /* thumb.png in Resources */,
				B3A8757814CAF80600ADB447 /* icon.png in Resources */,
				B3A8758014CAF86500ADB447 /* icon_ipad.png in Resources */,
				B3A8758D14CAF96000ADB447 /* Default.png in Resources */,
				B3A8759214CAF98C00ADB447 /* icon@2x.png in Resources */,
				B3A8759614CAF9A500ADB447 /* Default@2x.png in Resources */,
				B3A8759814CAF9D200ADB447 /* Default-Portrait~ipad.png in Resources */,
				B3A8759C14CAFD3F00ADB447 /* buttonshadow.png in Resources */,
				B3A8759F14CAFE6100ADB447 /* sound-minus.png in Resources */,
				B3A875A014CAFE6100ADB447 /* sound-plus.png in Resources */,
				B3A875A214CAFFAB00ADB447 /* logo.png in Resources */,
				B3A875A414CAFFC500ADB447 /* logo@2x.png in Resources */,
				B3FF77A414CB3066008EF711 /* AboutViewController_IPad.xib in Resources */,
				B3FF77AD14CB3151008EF711 /* AboutViewController_IPhone.xib in Resources */,
				B3F4A37C14D03BED0067061F /* button_bg.png in Resources */,
				B3F4A38414D04FFC0067061F /* Default-Landscape~ipad.png in Resources */,
				B3F4A38514D04FFC0067061F /* loadingbutton@2x.png in Resources */,
				B3F4A38614D04FFC0067061F /* pausebutton@2x.png in Resources */,
				B3F4A38714D04FFC0067061F /* playbutton@2x.png in Resources */,
				B3F4A38814D04FFC0067061F /* slider_maximum@2x.png in Resources */,
				B3F4A38914D04FFC0067061F /* slider_minimum@2x.png in Resources */,
				B3F4A38B14D0502A0067061F /* thumb@2x.png in Resources */,
				B3F4A38E14D0506E0067061F /* sound-minus@2x.png in Resources */,
				B3F4A38F14D0506E0067061F /* sound-plus@2x.png in Resources */,
				B3344A0B14D0842800427C12 /* catware_logo.png in Resources */,
				B3344A0C14D0842800427C12 /* catware_logo@2x.png in Resources */,
				B3ECBC6214D9841A008C0EE1 /* button_bg@2x.png in Resources */,
			);
			runOnlyForDeploymentPostprocessing = 0;
		};
		B3FDA15514BF09AA0011E709 /* Resources */ = {
			isa = PBXResourcesBuildPhase;
			buildActionMask = 2147483647;
			files = (
				B3FDA16414BF09AA0011E709 /* InfoPlist.strings in Resources */,
			);
			runOnlyForDeploymentPostprocessing = 0;
		};
/* End PBXResourcesBuildPhase section */

/* Begin PBXShellScriptBuildPhase section */
		B3FDA15614BF09AA0011E709 /* ShellScript */ = {
			isa = PBXShellScriptBuildPhase;
			buildActionMask = 2147483647;
			files = (
			);
			inputPaths = (
			);
			outputPaths = (
			);
			runOnlyForDeploymentPostprocessing = 0;
			shellPath = /bin/sh;
			shellScript = "# Run the unit tests in this test bundle.\n\"${SYSTEM_DEVELOPER_DIR}/Tools/RunUnitTests\"\n";
		};
/* End PBXShellScriptBuildPhase section */

/* Begin PBXSourcesBuildPhase section */
		B3FDA13014BF09A90011E709 /* Sources */ = {
			isa = PBXSourcesBuildPhase;
			buildActionMask = 2147483647;
			files = (
				B3FDA14514BF09AA0011E709 /* main.m in Sources */,
				B3FDA14914BF09AA0011E709 /* PsyRadioAppDelegate.m in Sources */,
				B3FDA14C14BF09AA0011E709 /* PsyRadioViewController.m in Sources */,
				B3FDA17914BF0A080011E709 /* Packet.m in Sources */,
				B3FDA17A14BF0A080011E709 /* Queue.m in Sources */,
				B3FDA17B14BF0A080011E709 /* Radio.m in Sources */,
				B3FF77A314CB3066008EF711 /* AboutViewController.m in Sources */,
			);
			runOnlyForDeploymentPostprocessing = 0;
		};
		B3FDA15314BF09AA0011E709 /* Sources */ = {
			isa = PBXSourcesBuildPhase;
			buildActionMask = 2147483647;
			files = (
				B3FDA16714BF09AA0011E709 /* PsyRadioTests.m in Sources */,
			);
			runOnlyForDeploymentPostprocessing = 0;
		};
/* End PBXSourcesBuildPhase section */

/* Begin PBXTargetDependency section */
		B3FDA15E14BF09AA0011E709 /* PBXTargetDependency */ = {
			isa = PBXTargetDependency;
			target = B3FDA13314BF09A90011E709 /* PsyRadio */;
			targetProxy = B3FDA15D14BF09AA0011E709 /* PBXContainerItemProxy */;
		};
/* End PBXTargetDependency section */

/* Begin PBXVariantGroup section */
		B3FDA14114BF09AA0011E709 /* InfoPlist.strings */ = {
			isa = PBXVariantGroup;
			children = (
				B3FDA14214BF09AA0011E709 /* en */,
			);
			name = InfoPlist.strings;
			sourceTree = "<group>";
		};
		B3FDA14D14BF09AA0011E709 /* PsyRadioViewController_iPhone.xib */ = {
			isa = PBXVariantGroup;
			children = (
				B3FDA14E14BF09AA0011E709 /* en */,
			);
			name = PsyRadioViewController_iPhone.xib;
			sourceTree = "<group>";
		};
		B3FDA15014BF09AA0011E709 /* PsyRadioViewController_iPad.xib */ = {
			isa = PBXVariantGroup;
			children = (
				B3FDA15114BF09AA0011E709 /* en */,
			);
			name = PsyRadioViewController_iPad.xib;
			sourceTree = "<group>";
		};
		B3FDA16214BF09AA0011E709 /* InfoPlist.strings */ = {
			isa = PBXVariantGroup;
			children = (
				B3FDA16314BF09AA0011E709 /* en */,
			);
			name = InfoPlist.strings;
			sourceTree = "<group>";
		};
/* End PBXVariantGroup section */

/* Begin XCBuildConfiguration section */
		B35C029A14D9AA2A00C01A96 /* Distribution */ = {
			isa = XCBuildConfiguration;
			buildSettings = {
				ALWAYS_SEARCH_USER_PATHS = NO;
				ARCHS = (
					armv6,
					"$(ARCHS_STANDARD_32_BIT)",
				);
				CODE_SIGN_IDENTITY = "iPhone Distribution: Oleksii Vasyliev";
				"CODE_SIGN_IDENTITY[sdk=iphoneos*]" = "iPhone Distribution: Oleksii Vasyliev";
				COPY_PHASE_STRIP = YES;
				GCC_C_LANGUAGE_STANDARD = gnu99;
				GCC_VERSION = com.apple.compilers.llvm.clang.1_0;
				GCC_WARN_ABOUT_MISSING_PROTOTYPES = NO;
				GCC_WARN_ABOUT_RETURN_TYPE = YES;
				GCC_WARN_UNUSED_VARIABLE = YES;
				IPHONEOS_DEPLOYMENT_TARGET = 4.0;
				OTHER_CFLAGS = "-DNS_BLOCK_ASSERTIONS=1";
				PROVISIONING_PROFILE = "D3560BDC-834A-4F66-B42F-AD5AC3A92DE9";
				"PROVISIONING_PROFILE[sdk=iphoneos*]" = "D3560BDC-834A-4F66-B42F-AD5AC3A92DE9";
				SDKROOT = iphoneos;
				TARGETED_DEVICE_FAMILY = "1,2";
				VALIDATE_PRODUCT = YES;
			};
			name = Distribution;
		};
		B35C029B14D9AA2A00C01A96 /* Distribution */ = {
			isa = XCBuildConfiguration;
			buildSettings = {
				CODE_SIGN_IDENTITY = "iPhone Distribution: Oleksii Vasyliev";
				"CODE_SIGN_IDENTITY[sdk=iphoneos*]" = "iPhone Distribution: Oleksii Vasyliev";
				GCC_PRECOMPILE_PREFIX_HEADER = YES;
				GCC_PREFIX_HEADER = "PsyRadio/PsyRadio-Prefix.pch";
				INFOPLIST_FILE = "PsyRadio/PsyRadio-Info.plist";
				IPHONEOS_DEPLOYMENT_TARGET = 4.0;
				PRODUCT_NAME = "$(TARGET_NAME)";
				PROVISIONING_PROFILE = "D3560BDC-834A-4F66-B42F-AD5AC3A92DE9";
				"PROVISIONING_PROFILE[sdk=iphoneos*]" = "D3560BDC-834A-4F66-B42F-AD5AC3A92DE9";
				WRAPPER_EXTENSION = app;
			};
			name = Distribution;
		};
		B35C029C14D9AA2A00C01A96 /* Distribution */ = {
			isa = XCBuildConfiguration;
			buildSettings = {
				BUNDLE_LOADER = "$(BUILT_PRODUCTS_DIR)/PsyRadio.app/PsyRadio";
				FRAMEWORK_SEARCH_PATHS = (
					"$(SDKROOT)/Developer/Library/Frameworks",
					"$(DEVELOPER_LIBRARY_DIR)/Frameworks",
				);
				GCC_PRECOMPILE_PREFIX_HEADER = YES;
				GCC_PREFIX_HEADER = "PsyRadio/PsyRadio-Prefix.pch";
				INFOPLIST_FILE = "PsyRadioTests/PsyRadioTests-Info.plist";
				PRODUCT_NAME = "$(TARGET_NAME)";
				TEST_HOST = "$(BUNDLE_LOADER)";
				WRAPPER_EXTENSION = octest;
			};
			name = Distribution;
		};
		B3FDA16814BF09AA0011E709 /* Debug */ = {
			isa = XCBuildConfiguration;
			buildSettings = {
				ALWAYS_SEARCH_USER_PATHS = NO;
				ARCHS = (
					armv6,
					"$(ARCHS_STANDARD_32_BIT)",
				);
				CODE_SIGN_IDENTITY = "";
				"CODE_SIGN_IDENTITY[sdk=iphoneos*]" = "iPhone Developer";
				COPY_PHASE_STRIP = NO;
				GCC_C_LANGUAGE_STANDARD = gnu99;
				GCC_DYNAMIC_NO_PIC = NO;
				GCC_OPTIMIZATION_LEVEL = 0;
				GCC_PREPROCESSOR_DEFINITIONS = (
					"DEBUG=1",
					"$(inherited)",
				);
				GCC_SYMBOLS_PRIVATE_EXTERN = NO;
				GCC_VERSION = com.apple.compilers.llvm.clang.1_0;
				GCC_WARN_ABOUT_MISSING_PROTOTYPES = NO;
				GCC_WARN_ABOUT_RETURN_TYPE = YES;
				GCC_WARN_UNUSED_VARIABLE = YES;
				IPHONEOS_DEPLOYMENT_TARGET = 4.0;
				SDKROOT = iphoneos;
				TARGETED_DEVICE_FAMILY = "1,2";
			};
			name = Debug;
		};
		B3FDA16914BF09AA0011E709 /* Release */ = {
			isa = XCBuildConfiguration;
			buildSettings = {
				ALWAYS_SEARCH_USER_PATHS = NO;
				ARCHS = (
					armv6,
					"$(ARCHS_STANDARD_32_BIT)",
				);
				CODE_SIGN_IDENTITY = "";
				"CODE_SIGN_IDENTITY[sdk=iphoneos*]" = "iPhone Developer";
				COPY_PHASE_STRIP = YES;
				GCC_C_LANGUAGE_STANDARD = gnu99;
				GCC_VERSION = com.apple.compilers.llvm.clang.1_0;
				GCC_WARN_ABOUT_MISSING_PROTOTYPES = NO;
				GCC_WARN_ABOUT_RETURN_TYPE = YES;
				GCC_WARN_UNUSED_VARIABLE = YES;
				IPHONEOS_DEPLOYMENT_TARGET = 4.0;
				OTHER_CFLAGS = "-DNS_BLOCK_ASSERTIONS=1";
				SDKROOT = iphoneos;
				TARGETED_DEVICE_FAMILY = "1,2";
				VALIDATE_PRODUCT = YES;
			};
			name = Release;
		};
		B3FDA16B14BF09AA0011E709 /* Debug */ = {
			isa = XCBuildConfiguration;
			buildSettings = {
				CODE_SIGN_IDENTITY = "";
				"CODE_SIGN_IDENTITY[sdk=iphoneos*]" = "";
				GCC_PRECOMPILE_PREFIX_HEADER = YES;
				GCC_PREFIX_HEADER = "PsyRadio/PsyRadio-Prefix.pch";
				INFOPLIST_FILE = "PsyRadio/PsyRadio-Info.plist";
				IPHONEOS_DEPLOYMENT_TARGET = 4.0;
				PRODUCT_NAME = "$(TARGET_NAME)";
				WRAPPER_EXTENSION = app;
			};
			name = Debug;
		};
		B3FDA16C14BF09AA0011E709 /* Release */ = {
			isa = XCBuildConfiguration;
			buildSettings = {
				CODE_SIGN_IDENTITY = "";
				"CODE_SIGN_IDENTITY[sdk=iphoneos*]" = "";
				GCC_PRECOMPILE_PREFIX_HEADER = YES;
				GCC_PREFIX_HEADER = "PsyRadio/PsyRadio-Prefix.pch";
				INFOPLIST_FILE = "PsyRadio/PsyRadio-Info.plist";
				IPHONEOS_DEPLOYMENT_TARGET = 4.0;
				PRODUCT_NAME = "$(TARGET_NAME)";
				WRAPPER_EXTENSION = app;
			};
			name = Release;
		};
		B3FDA16E14BF09AA0011E709 /* Debug */ = {
			isa = XCBuildConfiguration;
			buildSettings = {
				BUNDLE_LOADER = "$(BUILT_PRODUCTS_DIR)/PsyRadio.app/PsyRadio";
				FRAMEWORK_SEARCH_PATHS = (
					"$(SDKROOT)/Developer/Library/Frameworks",
					"$(DEVELOPER_LIBRARY_DIR)/Frameworks",
				);
				GCC_PRECOMPILE_PREFIX_HEADER = YES;
				GCC_PREFIX_HEADER = "PsyRadio/PsyRadio-Prefix.pch";
				INFOPLIST_FILE = "PsyRadioTests/PsyRadioTests-Info.plist";
				PRODUCT_NAME = "$(TARGET_NAME)";
				TEST_HOST = "$(BUNDLE_LOADER)";
				WRAPPER_EXTENSION = octest;
			};
			name = Debug;
		};
		B3FDA16F14BF09AA0011E709 /* Release */ = {
			isa = XCBuildConfiguration;
			buildSettings = {
				BUNDLE_LOADER = "$(BUILT_PRODUCTS_DIR)/PsyRadio.app/PsyRadio";
				FRAMEWORK_SEARCH_PATHS = (
					"$(SDKROOT)/Developer/Library/Frameworks",
					"$(DEVELOPER_LIBRARY_DIR)/Frameworks",
				);
				GCC_PRECOMPILE_PREFIX_HEADER = YES;
				GCC_PREFIX_HEADER = "PsyRadio/PsyRadio-Prefix.pch";
				INFOPLIST_FILE = "PsyRadioTests/PsyRadioTests-Info.plist";
				PRODUCT_NAME = "$(TARGET_NAME)";
				TEST_HOST = "$(BUNDLE_LOADER)";
				WRAPPER_EXTENSION = octest;
			};
			name = Release;
		};
/* End XCBuildConfiguration section */

/* Begin XCConfigurationList section */
		B3FDA12E14BF09A90011E709 /* Build configuration list for PBXProject "PsyRadio" */ = {
			isa = XCConfigurationList;
			buildConfigurations = (
				B3FDA16814BF09AA0011E709 /* Debug */,
				B3FDA16914BF09AA0011E709 /* Release */,
				B35C029A14D9AA2A00C01A96 /* Distribution */,
			);
			defaultConfigurationIsVisible = 0;
			defaultConfigurationName = Release;
		};
		B3FDA16A14BF09AA0011E709 /* Build configuration list for PBXNativeTarget "PsyRadio" */ = {
			isa = XCConfigurationList;
			buildConfigurations = (
				B3FDA16B14BF09AA0011E709 /* Debug */,
				B3FDA16C14BF09AA0011E709 /* Release */,
				B35C029B14D9AA2A00C01A96 /* Distribution */,
			);
			defaultConfigurationIsVisible = 0;
			defaultConfigurationName = Release;
		};
		B3FDA16D14BF09AA0011E709 /* Build configuration list for PBXNativeTarget "PsyRadioTests" */ = {
			isa = XCConfigurationList;
			buildConfigurations = (
				B3FDA16E14BF09AA0011E709 /* Debug */,
				B3FDA16F14BF09AA0011E709 /* Release */,
				B35C029C14D9AA2A00C01A96 /* Distribution */,
			);
			defaultConfigurationIsVisible = 0;
			defaultConfigurationName = Release;
		};
/* End XCConfigurationList section */
	};
	rootObject = B3FDA12B14BF09A90011E709 /* Project object */;
}
